
Microsoft Visual Studio Solution File, Format Version 12.00
# Visual Studio Express 2013 for Windows Desktop
VisualStudioVersion = 12.0.40629.0
MinimumVisualStudioVersion = 10.0.40219.1
Project("{8BC9CEB8-8B4A-11D0-8D11-00A0C91BC942}") = "PropHunt_Server", "PropHunt_Server.vcxproj", "{B44FECA6-2312-4751-964B-64299DA6A5A5}"
EndProject
Project("{8BC9CEB8-8B4A-11D0-8D11-00A0C91BC942}") = "Shared", "..\Shared\Shared.vcxproj", "{A05589E2-6407-4DC7-A0A4-AC046D8CB3A2}"
EndProject
Project("{8BC9CEB8-8B4A-11D0-8D11-00A0C91BC942}") = "PropHunt_Game", "..\PropHunt_Game\PropHunt_Game.vcxproj", "{E53CF97C-263C-4382-B86D-EE67A1390300}"
EndProject
Global
	GlobalSection(SolutionConfigurationPlatforms) = preSolution
		Debug|Win32 = Debug|Win32
		Release|Win32 = Release|Win32
	EndGlobalSection
	GlobalSection(ProjectConfigurationPlatforms) = postSolution
		{B44FECA6-2312-4751-964B-64299DA6A5A5}.Debug|Win32.ActiveCfg = Debug|Win32
		{B44FECA6-2312-4751-964B-64299DA6A5A5}.Debug|Win32.Build.0 = Debug|Win32
		{B44FECA6-2312-4751-964B-64299DA6A5A5}.Release|Win32.ActiveCfg = Release|Win32
		{B44FECA6-2312-4751-964B-64299DA6A5A5}.Release|Win32.Build.0 = Release|Win32
		{A05589E2-6407-4DC7-A0A4-AC046D8CB3A2}.Debug|Win32.ActiveCfg = Debug|Win32
		{A05589E2-6407-4DC7-A0A4-AC046D8CB3A2}.Debug|Win32.Build.0 = Debug|Win32
		{A05589E2-6407-4DC7-A0A4-AC046D8CB3A2}.Release|Win32.ActiveCfg = Release|Win32
		{A05589E2-6407-4DC7-A0A4-AC046D8CB3A2}.Release|Win32.Build.0 = Release|Win32
		{E53CF97C-263C-4382-B86D-EE67A1390300}.Debug|Win32.ActiveCfg = Debug|Win32
		{E53CF97C-263C-4382-B86D-EE67A1390300}.Debug|Win32.Build.0 = Debug|Win32
		{E53CF97C-263C-4382-B86D-EE67A1390300}.Release|Win32.ActiveCfg = Release|Win32
		{E53CF97C-263C-4382-B86D-EE67A1390300}.Release|Win32.Build.0 = Release|Win32
	EndGlobalSection
	GlobalSection(SolutionProperties) = preSolution
		HideSolutionNode = FALSE
	EndGlobalSection
EndGlobal
